
Microsoft Visual Studio Solution File, Format Version 12.00
# Visual Studio Version 17
VisualStudioVersion = 17.3.32804.467
MinimumVisualStudioVersion = 10.0.40219.1
Project("{FAE04EC0-301F-11D3-BF4B-00C04F79EFBC}") = "XDB", "XDB.csproj", "{25C2A5C4-050F-481E-A6E2-869037EAC378}"
EndProject
Project("{FAE04EC0-301F-11D3-BF4B-00C04F79EFBC}") = "TestApp", "..\TestApp\TestApp.csproj", "{BF331D03-1633-4771-81B0-D8BEBF6C9A26}"
EndProject
Global
	GlobalSection(SolutionConfigurationPlatforms) = preSolution
		Debug|Any CPU = Debug|Any CPU
		Release|Any CPU = Release|Any CPU
	EndGlobalSection
	GlobalSection(ProjectConfigurationPlatforms) = postSolution
		{25C2A5C4-050F-481E-A6E2-869037EAC378}.Debug|Any CPU.ActiveCfg = Debug|Any CPU
		{25C2A5C4-050F-481E-A6E2-869037EAC378}.Debug|Any CPU.Build.0 = Debug|Any CPU
		{25C2A5C4-050F-481E-A6E2-869037EAC378}.Release|Any CPU.ActiveCfg = Release|Any CPU
		{25C2A5C4-050F-481E-A6E2-869037EAC378}.Release|Any CPU.Build.0 = Release|Any CPU
		{BF331D03-1633-4771-81B0-D8BEBF6C9A26}.Debug|Any CPU.ActiveCfg = Debug|Any CPU
		{BF331D03-1633-4771-81B0-D8BEBF6C9A26}.Debug|Any CPU.Build.0 = Debug|Any CPU
		{BF331D03-1633-4771-81B0-D8BEBF6C9A26}.Release|Any CPU.ActiveCfg = Release|Any CPU
		{BF331D03-1633-4771-81B0-D8BEBF6C9A26}.Release|Any CPU.Build.0 = Release|Any CPU
	EndGlobalSection
	GlobalSection(SolutionProperties) = preSolution
		HideSolutionNode = FALSE
	EndGlobalSection
	GlobalSection(ExtensibilityGlobals) = postSolution
		SolutionGuid = {0E160106-01F5-49D0-9C60-8E9169F3F4B0}
	EndGlobalSection
EndGlobal
